
Microsoft Visual Studio Solution File, Format Version 12.00
# Visual Studio Version 17
VisualStudioVersion = 17.14.36414.22 d17.14
MinimumVisualStudioVersion = 10.0.40219.1
Project("{FAE04EC0-301F-11D3-BF4B-00C04F79EFBC}") = "MathWebApi", "MathWebApi\MathWebApi.csproj", "{04AC1F0A-594C-4F86-B3DC-7F41FD984B96}"
EndProject
Global
	GlobalSection(SolutionConfigurationPlatforms) = preSolution
		Debug|Any CPU = Debug|Any CPU
		Release|Any CPU = Release|Any CPU
	EndGlobalSection
	GlobalSection(ProjectConfigurationPlatforms) = postSolution
		{04AC1F0A-594C-4F86-B3DC-7F41FD984B96}.Debug|Any CPU.ActiveCfg = Debug|Any CPU
		{04AC1F0A-594C-4F86-B3DC-7F41FD984B96}.Debug|Any CPU.Build.0 = Debug|Any CPU
		{04AC1F0A-594C-4F86-B3DC-7F41FD984B96}.Release|Any CPU.ActiveCfg = Release|Any CPU
		{04AC1F0A-594C-4F86-B3DC-7F41FD984B96}.Release|Any CPU.Build.0 = Release|Any CPU
	EndGlobalSection
	GlobalSection(SolutionProperties) = preSolution
		HideSolutionNode = FALSE
	EndGlobalSection
	GlobalSection(ExtensibilityGlobals) = postSolution
		SolutionGuid = {7F3714D1-65C4-4FD0-8D29-BE412144E405}
	EndGlobalSection
EndGlobal
