
Microsoft Visual Studio Solution File, Format Version 12.00
# Visual Studio Version 17
VisualStudioVersion = 17.14.36414.22
MinimumVisualStudioVersion = 10.0.40219.1
Project("{FAE04EC0-301F-11D3-BF4B-00C04F79EFBC}") = "Task2_StudentTeacher", "Task2_StudentTeacher\Task2_StudentTeacher.csproj", "{15E741BB-FA79-4A2D-B003-56DE3715DAA4}"
EndProject
Project("{FAE04EC0-301F-11D3-BF4B-00C04F79EFBC}") = "Task3_Vehicle", "..\Task3_Vehicle\Task3_Vehicle\Task3_Vehicle.csproj", "{FD4E8B18-9B0C-D69B-3259-21A7AECA016F}"
EndProject
Global
	GlobalSection(SolutionConfigurationPlatforms) = preSolution
		Debug|Any CPU = Debug|Any CPU
		Release|Any CPU = Release|Any CPU
	EndGlobalSection
	GlobalSection(ProjectConfigurationPlatforms) = postSolution
		{15E741BB-FA79-4A2D-B003-56DE3715DAA4}.Debug|Any CPU.ActiveCfg = Debug|Any CPU
		{15E741BB-FA79-4A2D-B003-56DE3715DAA4}.Debug|Any CPU.Build.0 = Debug|Any CPU
		{15E741BB-FA79-4A2D-B003-56DE3715DAA4}.Release|Any CPU.ActiveCfg = Release|Any CPU
		{15E741BB-FA79-4A2D-B003-56DE3715DAA4}.Release|Any CPU.Build.0 = Release|Any CPU
		{FD4E8B18-9B0C-D69B-3259-21A7AECA016F}.Debug|Any CPU.ActiveCfg = Debug|Any CPU
		{FD4E8B18-9B0C-D69B-3259-21A7AECA016F}.Debug|Any CPU.Build.0 = Debug|Any CPU
		{FD4E8B18-9B0C-D69B-3259-21A7AECA016F}.Release|Any CPU.ActiveCfg = Release|Any CPU
		{FD4E8B18-9B0C-D69B-3259-21A7AECA016F}.Release|Any CPU.Build.0 = Release|Any CPU
	EndGlobalSection
	GlobalSection(SolutionProperties) = preSolution
		HideSolutionNode = FALSE
	EndGlobalSection
	GlobalSection(ExtensibilityGlobals) = postSolution
		SolutionGuid = {27F170DD-D684-4E1D-BD9D-FDB847B0DC78}
	EndGlobalSection
EndGlobal
