
Microsoft Visual Studio Solution File, Format Version 12.00
# Visual Studio Version 17
VisualStudioVersion = 17.14.36414.22 d17.14
MinimumVisualStudioVersion = 10.0.40219.1
Project("{FAE04EC0-301F-11D3-BF4B-00C04F79EFBC}") = "Task2_StudentTeacher", "Task2_StudentTeacher\Task2_StudentTeacher.csproj", "{15E741BB-FA79-4A2D-B003-56DE3715DAA4}"
EndProject
Global
	GlobalSection(SolutionConfigurationPlatforms) = preSolution
		Debug|Any CPU = Debug|Any CPU
		Release|Any CPU = Release|Any CPU
	EndGlobalSection
	GlobalSection(ProjectConfigurationPlatforms) = postSolution
		{15E741BB-FA79-4A2D-B003-56DE3715DAA4}.Debug|Any CPU.ActiveCfg = Debug|Any CPU
		{15E741BB-FA79-4A2D-B003-56DE3715DAA4}.Debug|Any CPU.Build.0 = Debug|Any CPU
		{15E741BB-FA79-4A2D-B003-56DE3715DAA4}.Release|Any CPU.ActiveCfg = Release|Any CPU
		{15E741BB-FA79-4A2D-B003-56DE3715DAA4}.Release|Any CPU.Build.0 = Release|Any CPU
	EndGlobalSection
	GlobalSection(SolutionProperties) = preSolution
		HideSolutionNode = FALSE
	EndGlobalSection
	GlobalSection(ExtensibilityGlobals) = postSolution
		SolutionGuid = {27F170DD-D684-4E1D-BD9D-FDB847B0DC78}
	EndGlobalSection
EndGlobal
