
Microsoft Visual Studio Solution File, Format Version 12.00
# Visual Studio Version 17
VisualStudioVersion = 17.14.36414.22 d17.14
MinimumVisualStudioVersion = 10.0.40219.1
Project("{FAE04EC0-301F-11D3-BF4B-00C04F79EFBC}") = "PaymentValidationSystem", "PaymentValidationSystem\PaymentValidationSystem.csproj", "{AF7995E4-BAE7-4C84-A961-7A1FEEE72E86}"
EndProject
Global
	GlobalSection(SolutionConfigurationPlatforms) = preSolution
		Debug|Any CPU = Debug|Any CPU
		Release|Any CPU = Release|Any CPU
	EndGlobalSection
	GlobalSection(ProjectConfigurationPlatforms) = postSolution
		{AF7995E4-BAE7-4C84-A961-7A1FEEE72E86}.Debug|Any CPU.ActiveCfg = Debug|Any CPU
		{AF7995E4-BAE7-4C84-A961-7A1FEEE72E86}.Debug|Any CPU.Build.0 = Debug|Any CPU
		{AF7995E4-BAE7-4C84-A961-7A1FEEE72E86}.Release|Any CPU.ActiveCfg = Release|Any CPU
		{AF7995E4-BAE7-4C84-A961-7A1FEEE72E86}.Release|Any CPU.Build.0 = Release|Any CPU
	EndGlobalSection
	GlobalSection(SolutionProperties) = preSolution
		HideSolutionNode = FALSE
	EndGlobalSection
	GlobalSection(ExtensibilityGlobals) = postSolution
		SolutionGuid = {3D72BA1F-2145-4555-ABC9-80D786946F3F}
	EndGlobalSection
EndGlobal
