
Microsoft Visual Studio Solution File, Format Version 12.00
# Visual Studio Version 17
VisualStudioVersion = 17.14.36414.22 d17.14
MinimumVisualStudioVersion = 10.0.40219.1
Project("{FAE04EC0-301F-11D3-BF4B-00C04F79EFBC}") = "Task8_ArrayListPeople", "Task8_ArrayListPeople\Task8_ArrayListPeople.csproj", "{47B51544-8870-4CB7-90BE-F9DAAAFCEBB4}"
EndProject
Global
	GlobalSection(SolutionConfigurationPlatforms) = preSolution
		Debug|Any CPU = Debug|Any CPU
		Release|Any CPU = Release|Any CPU
	EndGlobalSection
	GlobalSection(ProjectConfigurationPlatforms) = postSolution
		{47B51544-8870-4CB7-90BE-F9DAAAFCEBB4}.Debug|Any CPU.ActiveCfg = Debug|Any CPU
		{47B51544-8870-4CB7-90BE-F9DAAAFCEBB4}.Debug|Any CPU.Build.0 = Debug|Any CPU
		{47B51544-8870-4CB7-90BE-F9DAAAFCEBB4}.Release|Any CPU.ActiveCfg = Release|Any CPU
		{47B51544-8870-4CB7-90BE-F9DAAAFCEBB4}.Release|Any CPU.Build.0 = Release|Any CPU
	EndGlobalSection
	GlobalSection(SolutionProperties) = preSolution
		HideSolutionNode = FALSE
	EndGlobalSection
	GlobalSection(ExtensibilityGlobals) = postSolution
		SolutionGuid = {0C995709-1824-4374-A229-3E6E1E0F18CE}
	EndGlobalSection
EndGlobal
